
Microsoft Visual Studio Solution File, Format Version 12.00
# Visual Studio Version 17
VisualStudioVersion = 17.4.33110.190
MinimumVisualStudioVersion = 10.0.40219.1
Project("{9A19103F-16F7-4668-BE54-9A1E7A4F7556}") = "POS", "POS\POS.csproj", "{46C32A65-38D2-4F39-A26F-477AF36C1A12}"
EndProject
Project("{FAE04EC0-301F-11D3-BF4B-00C04F79EFBC}") = "POS.Tests", "POS.Tests\POS.Tests.csproj", "{C1D50AE8-0849-497F-B276-ED215B89E719}"
EndProject
Global
	GlobalSection(SolutionConfigurationPlatforms) = preSolution
		Debug|Any CPU = Debug|Any CPU
		Release|Any CPU = Release|Any CPU
	EndGlobalSection
	GlobalSection(ProjectConfigurationPlatforms) = postSolution
		{46C32A65-38D2-4F39-A26F-477AF36C1A12}.Debug|Any CPU.ActiveCfg = Debug|Any CPU
		{46C32A65-38D2-4F39-A26F-477AF36C1A12}.Debug|Any CPU.Build.0 = Debug|Any CPU
		{46C32A65-38D2-4F39-A26F-477AF36C1A12}.Release|Any CPU.ActiveCfg = Release|Any CPU
		{46C32A65-38D2-4F39-A26F-477AF36C1A12}.Release|Any CPU.Build.0 = Release|Any CPU
		{C1D50AE8-0849-497F-B276-ED215B89E719}.Debug|Any CPU.ActiveCfg = Debug|Any CPU
		{C1D50AE8-0849-497F-B276-ED215B89E719}.Debug|Any CPU.Build.0 = Debug|Any CPU
		{C1D50AE8-0849-497F-B276-ED215B89E719}.Release|Any CPU.ActiveCfg = Release|Any CPU
		{C1D50AE8-0849-497F-B276-ED215B89E719}.Release|Any CPU.Build.0 = Release|Any CPU
	EndGlobalSection
	GlobalSection(SolutionProperties) = preSolution
		HideSolutionNode = FALSE
	EndGlobalSection
	GlobalSection(ExtensibilityGlobals) = postSolution
		SolutionGuid = {7E338060-F750-4FCD-8A0D-49E71D723510}
	EndGlobalSection
EndGlobal
